{
  "name": "rails-sidekiq-redis-rds",
  "requires": true,
  "lockfileVersion": 1,
  "dependencies": {
    "@aws-cdk/assets": {
      "version": "1.0.0",
      "resolved": "https://registry.npmjs.org/@aws-cdk/assets/-/assets-1.0.0.tgz",
      "integrity": "sha512-yWifN+RJ7B26mJbCVt552YAk4t7t/M8haB7QDnwk3563/zxaZLiyYnDoJo0IYZiAw8eoMJ35PZT2YpX0QM/ArA==",
      "requires": {
        "@aws-cdk/core": "^1.0.0",
        "@aws-cdk/cx-api": "^1.0.0",
        "minimatch": "^3.0.4"
      },
      "dependencies": {
        "balanced-match": {
          "version": "1.0.0",
          "bundled": true
        },
        "brace-expansion": {
          "version": "1.1.11",
          "bundled": true,
          "requires": {
            "balanced-match": "^1.0.0",
            "concat-map": "0.0.1"
          }
        },
        "concat-map": {
          "version": "0.0.1",
          "bundled": true
        },
        "minimatch": {
          "version": "3.0.4",
          "bundled": true,
          "requires": {
            "brace-expansion": "^1.1.7"
          }
        }
      }
    },
    "@aws-cdk/aws-certificatemanager": {
      "version": "1.0.0",
      "resolved": "https://registry.npmjs.org/@aws-cdk/aws-certificatemanager/-/aws-certificatemanager-1.0.0.tgz",
      "integrity": "sha512-5khSoKUtdsj+0E9bI7I9qI18AxbdtslJZ+8xyQoB4z09m/Mvous61J8OE0lt+D1WKN8xT8YTDQKgwm8on3eQmA==",
      "requires": {
        "@aws-cdk/aws-cloudformation": "^1.0.0",
        "@aws-cdk/aws-iam": "^1.0.0",
        "@aws-cdk/aws-lambda": "^1.0.0",
        "@aws-cdk/aws-route53": "^1.0.0",
        "@aws-cdk/core": "^1.0.0"
      }
    },
    "@aws-cdk/aws-cloudformation": {
      "version": "1.0.0",
      "resolved": "https://registry.npmjs.org/@aws-cdk/aws-cloudformation/-/aws-cloudformation-1.0.0.tgz",
      "integrity": "sha512-ZSYgRiuCTUNKDy2b6ha9l72l2F7VUnLIZ435oCeuRz/0XLv1063Y+jQdZceiz/2VucPwkMFz1c8wK5Y2ptE5Zw==",
      "requires": {
        "@aws-cdk/aws-iam": "^1.0.0",
        "@aws-cdk/aws-lambda": "^1.0.0",
        "@aws-cdk/aws-sns": "^1.0.0",
        "@aws-cdk/core": "^1.0.0"
      }
    },
    "@aws-cdk/aws-cloudwatch": {
      "version": "1.0.0",
      "resolved": "https://registry.npmjs.org/@aws-cdk/aws-cloudwatch/-/aws-cloudwatch-1.0.0.tgz",
      "integrity": "sha512-Uiw7YGgVRKRvt65KwUUeSRg874fBxf4QbD4TiTTPtaTvK9F31k9jT8pARygKriPrZTFW/LFckBz2Z8KLcBZ5uA==",
      "requires": {
        "@aws-cdk/aws-iam": "^1.0.0",
        "@aws-cdk/core": "^1.0.0"
      }
    },
    "@aws-cdk/aws-ec2": {
      "version": "1.0.0",
      "resolved": "https://registry.npmjs.org/@aws-cdk/aws-ec2/-/aws-ec2-1.0.0.tgz",
      "integrity": "sha512-xEsxfXaNL9paL+GOuLJbNjoT62RGFdZdLvbJYeuT533Za2AXN732gH3V2HRlNjXyq8REvb1y94OzyRZ1aJhSkQ==",
      "requires": {
        "@aws-cdk/aws-cloudwatch": "^1.0.0",
        "@aws-cdk/aws-iam": "^1.0.0",
        "@aws-cdk/aws-ssm": "^1.0.0",
        "@aws-cdk/core": "^1.0.0",
        "@aws-cdk/cx-api": "^1.0.0"
      }
    },
    "@aws-cdk/aws-elasticloadbalancingv2": {
      "version": "1.0.0",
      "resolved": "https://registry.npmjs.org/@aws-cdk/aws-elasticloadbalancingv2/-/aws-elasticloadbalancingv2-1.0.0.tgz",
      "integrity": "sha512-VAOgFxBa/xogackLdicAi/w3ruOXmHH2o/NSwq5ly6L13Cv9/mAjFoHfDeIUkfl97ANXG0nWUjCyJK0s+IunkA==",
      "requires": {
        "@aws-cdk/aws-certificatemanager": "^1.0.0",
        "@aws-cdk/aws-cloudwatch": "^1.0.0",
        "@aws-cdk/aws-ec2": "^1.0.0",
        "@aws-cdk/aws-iam": "^1.0.0",
        "@aws-cdk/aws-s3": "^1.0.0",
        "@aws-cdk/core": "^1.0.0"
      }
    },
    "@aws-cdk/aws-events": {
      "version": "1.0.0",
      "resolved": "https://registry.npmjs.org/@aws-cdk/aws-events/-/aws-events-1.0.0.tgz",
      "integrity": "sha512-IY+QufAQ2z1/WsaXKrpGSlfOGsCc7Wzo2W4s4a3ZsNTIP1i5VA/j0OdsHIXGT78ODNsGMbqTBWoJdq2SI9ha7w==",
      "requires": {
        "@aws-cdk/aws-iam": "^1.0.0",
        "@aws-cdk/core": "^1.0.0"
      }
    },
    "@aws-cdk/aws-iam": {
      "version": "1.0.0",
      "resolved": "https://registry.npmjs.org/@aws-cdk/aws-iam/-/aws-iam-1.0.0.tgz",
      "integrity": "sha512-bO+Harvsaq9QJh1s1eH/GRqigq1IdkiwGF4ybGyf9ycbjxesRLppTkVE/BA/Vg7Nnsp2IkT6CZlTxELmtVveYw==",
      "requires": {
        "@aws-cdk/core": "^1.0.0",
        "@aws-cdk/region-info": "^1.0.0"
      }
    },
    "@aws-cdk/aws-kms": {
      "version": "1.0.0",
      "resolved": "https://registry.npmjs.org/@aws-cdk/aws-kms/-/aws-kms-1.0.0.tgz",
      "integrity": "sha512-Pqg8/iF2z4sKyl8Hfz+WvdKwUnvLjRqcYEVMs25krv8R63w5y4KYCfMbXBf0bjlG9ywpmulZym5pxAHjM1yF0A==",
      "requires": {
        "@aws-cdk/aws-iam": "^1.0.0",
        "@aws-cdk/core": "^1.0.0"
      }
    },
    "@aws-cdk/aws-lambda": {
      "version": "1.0.0",
      "resolved": "https://registry.npmjs.org/@aws-cdk/aws-lambda/-/aws-lambda-1.0.0.tgz",
      "integrity": "sha512-ah0TurbS2e+VAU2QU7YFPdQnVFoaHoyqffjSMHQPVLXu5HE0++U1gvHmFGI/gFTpwUFDraI55NXT7nuFDdGuoQ==",
      "requires": {
        "@aws-cdk/aws-cloudwatch": "^1.0.0",
        "@aws-cdk/aws-ec2": "^1.0.0",
        "@aws-cdk/aws-events": "^1.0.0",
        "@aws-cdk/aws-iam": "^1.0.0",
        "@aws-cdk/aws-logs": "^1.0.0",
        "@aws-cdk/aws-s3": "^1.0.0",
        "@aws-cdk/aws-s3-assets": "^1.0.0",
        "@aws-cdk/aws-sqs": "^1.0.0",
        "@aws-cdk/core": "^1.0.0",
        "@aws-cdk/cx-api": "^1.0.0"
      }
    },
    "@aws-cdk/aws-logs": {
      "version": "1.0.0",
      "resolved": "https://registry.npmjs.org/@aws-cdk/aws-logs/-/aws-logs-1.0.0.tgz",
      "integrity": "sha512-+D8yV2SN8vUXz9yNmkZJhFJXrTworVw3f/uoaE8hvrwW6YcINGPErribPeilfOPu0lQfLkJJiK4+64hcHq2JIA==",
      "requires": {
        "@aws-cdk/aws-cloudwatch": "^1.0.0",
        "@aws-cdk/aws-iam": "^1.0.0",
        "@aws-cdk/core": "^1.0.0"
      }
    },
    "@aws-cdk/aws-route53": {
      "version": "1.0.0",
      "resolved": "https://registry.npmjs.org/@aws-cdk/aws-route53/-/aws-route53-1.0.0.tgz",
      "integrity": "sha512-M3MDOfJkefI28ELpFZogOXA+sLSpGUwVLgFeixXX1sa4/00Xx3RmpVh85PUV9a/YcP0LT43w5kaECHnJvgXDFw==",
      "requires": {
        "@aws-cdk/aws-ec2": "^1.0.0",
        "@aws-cdk/aws-logs": "^1.0.0",
        "@aws-cdk/core": "^1.0.0",
        "@aws-cdk/cx-api": "^1.0.0"
      }
    },
    "@aws-cdk/aws-s3": {
      "version": "1.0.0",
      "resolved": "https://registry.npmjs.org/@aws-cdk/aws-s3/-/aws-s3-1.0.0.tgz",
      "integrity": "sha512-keAeALkB9yrh8ygx/ZORW5IH13LfYj/dnv3FHE3q5Lj+nioLVqT+v3njEJveAmpo/tc/qZVh1DvBBJxkptUHsA==",
      "requires": {
        "@aws-cdk/aws-events": "^1.0.0",
        "@aws-cdk/aws-iam": "^1.0.0",
        "@aws-cdk/aws-kms": "^1.0.0",
        "@aws-cdk/core": "^1.0.0"
      }
    },
    "@aws-cdk/aws-s3-assets": {
      "version": "1.0.0",
      "resolved": "https://registry.npmjs.org/@aws-cdk/aws-s3-assets/-/aws-s3-assets-1.0.0.tgz",
      "integrity": "sha512-hZ9B7LsUP0/ZSMj4teYVu9RLktb4HLZnZhDVFIGti+pwpLxnBTE9FtLEkknMyyzyo/EgLEBriYvV8o3UpTPtbA==",
      "requires": {
        "@aws-cdk/assets": "^1.0.0",
        "@aws-cdk/aws-iam": "^1.0.0",
        "@aws-cdk/aws-s3": "^1.0.0",
        "@aws-cdk/core": "^1.0.0",
        "@aws-cdk/cx-api": "^1.0.0"
      }
    },
    "@aws-cdk/aws-sns": {
      "version": "1.0.0",
      "resolved": "https://registry.npmjs.org/@aws-cdk/aws-sns/-/aws-sns-1.0.0.tgz",
      "integrity": "sha512-OrIdQYnOJQb68Vpr7ZwGnfcBddu2MC8hZ5fflCK0UwrYIqjgcF2n2c0dSeW0TH4nXwIxZ1jUcvqnmPJwzy/jNA==",
      "requires": {
        "@aws-cdk/aws-cloudwatch": "^1.0.0",
        "@aws-cdk/aws-events": "^1.0.0",
        "@aws-cdk/aws-iam": "^1.0.0",
        "@aws-cdk/core": "^1.0.0"
      }
    },
    "@aws-cdk/aws-sqs": {
      "version": "1.0.0",
      "resolved": "https://registry.npmjs.org/@aws-cdk/aws-sqs/-/aws-sqs-1.0.0.tgz",
      "integrity": "sha512-3lQ2DrQEfbN1fePkyly1x49piFTx6gbwIw8xszjRA1KhBMFv917jzgcQdiCcBEPtU72nU3SAvxialnpFQG7rWA==",
      "requires": {
        "@aws-cdk/aws-cloudwatch": "^1.0.0",
        "@aws-cdk/aws-iam": "^1.0.0",
        "@aws-cdk/aws-kms": "^1.0.0",
        "@aws-cdk/core": "^1.0.0"
      }
    },
    "@aws-cdk/aws-ssm": {
      "version": "1.0.0",
      "resolved": "https://registry.npmjs.org/@aws-cdk/aws-ssm/-/aws-ssm-1.0.0.tgz",
      "integrity": "sha512-2/AKeIi6vRnD7cnh8SHcrMv56lNuxI6Bat2tPQUwk5tKoe/+PcMz4hpObAZFuPQLCY6JYYv9mEMOzCrFY96+wA==",
      "requires": {
        "@aws-cdk/aws-iam": "^1.0.0",
        "@aws-cdk/core": "^1.0.0",
        "@aws-cdk/cx-api": "^1.0.0"
      }
    },
    "@aws-cdk/core": {
      "version": "1.0.0",
      "resolved": "https://registry.npmjs.org/@aws-cdk/core/-/core-1.0.0.tgz",
      "integrity": "sha512-ChtIXpbEawlVw1NLlB2G7eqy/v/n0hc4dMiK2HEV4dvJXI7HrPgATPvwS6JoZGgZyAE3v+8tVGiomMP4aSIknA==",
      "requires": {
        "@aws-cdk/cx-api": "^1.0.0"
      }
    },
    "@aws-cdk/cx-api": {
      "version": "1.0.0",
      "resolved": "https://registry.npmjs.org/@aws-cdk/cx-api/-/cx-api-1.0.0.tgz",
      "integrity": "sha512-0MPpBPqcicVcTmG8e0g2nDaqaJFIGuVmdN+1OZsc+jVcqyn4jjBWfon9XMRA7z/RdScGCrKYHo0QIYLEUWrmLA==",
      "requires": {
        "semver": "^6.1.1"
      },
      "dependencies": {
        "semver": {
          "version": "6.1.1",
          "bundled": true
        }
      }
    },
    "@aws-cdk/region-info": {
      "version": "1.0.0",
      "resolved": "https://registry.npmjs.org/@aws-cdk/region-info/-/region-info-1.0.0.tgz",
      "integrity": "sha512-l0lkAC4UNEaeUZEX4hO5AUS7TCWaDrOIMQopq3zCLrqxiCN4YtNpj0iveyDubM4FWBpipQPsJ6JBDrx978mrfA=="
    }
  }
}
